
Microsoft Visual Studio Solution File, Format Version 12.00
# Visual Studio Version 17
VisualStudioVersion = 17.11.35312.102
MinimumVisualStudioVersion = 10.0.40219.1
Project("{FAE04EC0-301F-11D3-BF4B-00C04F79EFBC}") = "OIG.Survey", "OIG.Survey\OIG.Survey.csproj", "{4AE2A164-70C5-4EB2-AF65-1E7CBEB02FF5}"
EndProject
Global
	GlobalSection(SolutionConfigurationPlatforms) = preSolution
		Debug|Any CPU = Debug|Any CPU
		Release|Any CPU = Release|Any CPU
	EndGlobalSection
	GlobalSection(ProjectConfigurationPlatforms) = postSolution
		{4AE2A164-70C5-4EB2-AF65-1E7CBEB02FF5}.Debug|Any CPU.ActiveCfg = Debug|Any CPU
		{4AE2A164-70C5-4EB2-AF65-1E7CBEB02FF5}.Debug|Any CPU.Build.0 = Debug|Any CPU
		{4AE2A164-70C5-4EB2-AF65-1E7CBEB02FF5}.Release|Any CPU.ActiveCfg = Release|Any CPU
		{4AE2A164-70C5-4EB2-AF65-1E7CBEB02FF5}.Release|Any CPU.Build.0 = Release|Any CPU
	EndGlobalSection
	GlobalSection(SolutionProperties) = preSolution
		HideSolutionNode = FALSE
	EndGlobalSection
	GlobalSection(ExtensibilityGlobals) = postSolution
		SolutionGuid = {4C99CD06-F891-449C-9773-4DE763854C2D}
	EndGlobalSection
EndGlobal
